// !$*UTF8*$!
{
	archiveVersion = 1;
	classes = {
	};
	objectVersion = 50;
	objects = {

/* Begin PBXBuildFile section */
		575A4E4F218AFD6F004952DD /* AppDelegate.m in Sources */ = {isa = PBXBuildFile; fileRef = 575A4E4E218AFD6F004952DD /* AppDelegate.m */; };
		575A4E52218AFD6F004952DD /* ViewController.m in Sources */ = {isa = PBXBuildFile; fileRef = 575A4E51218AFD6F004952DD /* ViewController.m */; };
		575A4E55218AFD6F004952DD /* Main.storyboard in Resources */ = {isa = PBXBuildFile; fileRef = 575A4E53218AFD6F004952DD /* Main.storyboard */; };
		575A4E57218AFD71004952DD /* Assets.xcassets in Resources */ = {isa = PBXBuildFile; fileRef = 575A4E56218AFD71004952DD /* Assets.xcassets */; };
		575A4E5A218AFD71004952DD /* LaunchScreen.storyboard in Resources */ = {isa = PBXBuildFile; fileRef = 575A4E58218AFD71004952DD /* LaunchScreen.storyboard */; };
		575A4E5D218AFD71004952DD /* main.m in Sources */ = {isa = PBXBuildFile; fileRef = 575A4E5C218AFD71004952DD /* main.m */; };
		575A4E67218AFD71004952DD /* ____Tests.m in Sources */ = {isa = PBXBuildFile; fileRef = 575A4E66218AFD71004952DD /* ____Tests.m */; };
		575A4E72218AFD72004952DD /* ____UITests.m in Sources */ = {isa = PBXBuildFile; fileRef = 575A4E71218AFD72004952DD /* ____UITests.m */; };
		575A4E81218AFF67004952DD /* UITableView+DefaultDisplay.m in Sources */ = {isa = PBXBuildFile; fileRef = 575A4E80218AFF67004952DD /* UITableView+DefaultDisplay.m */; };
/* End PBXBuildFile section */

/* Begin PBXContainerItemProxy section */
		575A4E63218AFD71004952DD /* PBXContainerItemProxy */ = {
			isa = PBXContainerItemProxy;
			containerPortal = 575A4E42218AFD6F004952DD /* Project object */;
			proxyType = 1;
			remoteGlobalIDString = 575A4E49218AFD6F004952DD;
			remoteInfo = "方法交换";
		};
		575A4E6E218AFD72004952DD /* PBXContainerItemProxy */ = {
			isa = PBXContainerItemProxy;
			containerPortal = 575A4E42218AFD6F004952DD /* Project object */;
			proxyType = 1;
			remoteGlobalIDString = 575A4E49218AFD6F004952DD;
			remoteInfo = "方法交换";
		};
/* End PBXContainerItemProxy section */

/* Begin PBXFileReference section */
		575A4E4A218AFD6F004952DD /* 方法交换.app */ = {isa = PBXFileReference; explicitFileType = wrapper.application; includeInIndex = 0; path = "方法交换.app"; sourceTree = BUILT_PRODUCTS_DIR; };
		575A4E4D218AFD6F004952DD /* AppDelegate.h */ = {isa = PBXFileReference; lastKnownFileType = sourcecode.c.h; path = AppDelegate.h; sourceTree = "<group>"; };
		575A4E4E218AFD6F004952DD /* AppDelegate.m */ = {isa = PBXFileReference; lastKnownFileType = sourcecode.c.objc; path = AppDelegate.m; sourceTree = "<group>"; };
		575A4E50218AFD6F004952DD /* ViewController.h */ = {isa = PBXFileReference; lastKnownFileType = sourcecode.c.h; path = ViewController.h; sourceTree = "<group>"; };
		575A4E51218AFD6F004952DD /* ViewController.m */ = {isa = PBXFileReference; lastKnownFileType = sourcecode.c.objc; path = ViewController.m; sourceTree = "<group>"; };
		575A4E54218AFD6F004952DD /* Base */ = {isa = PBXFileReference; lastKnownFileType = file.storyboard; name = Base; path = Base.lproj/Main.storyboard; sourceTree = "<group>"; };
		575A4E56218AFD71004952DD /* Assets.xcassets */ = {isa = PBXFileReference; lastKnownFileType = folder.assetcatalog; path = Assets.xcassets; sourceTree = "<group>"; };
		575A4E59218AFD71004952DD /* Base */ = {isa = PBXFileReference; lastKnownFileType = file.storyboard; name = Base; path = Base.lproj/LaunchScreen.storyboard; sourceTree = "<group>"; };
		575A4E5B218AFD71004952DD /* Info.plist */ = {isa = PBXFileReference; lastKnownFileType = text.plist.xml; path = Info.plist; sourceTree = "<group>"; };
		575A4E5C218AFD71004952DD /* main.m */ = {isa = PBXFileReference; lastKnownFileType = sourcecode.c.objc; path = main.m; sourceTree = "<group>"; };
		575A4E62218AFD71004952DD /* 方法交换Tests.xctest */ = {isa = PBXFileReference; explicitFileType = wrapper.cfbundle; includeInIndex = 0; path = "方法交换Tests.xctest"; sourceTree = BUILT_PRODUCTS_DIR; };
		575A4E66218AFD71004952DD /* ____Tests.m */ = {isa = PBXFileReference; lastKnownFileType = sourcecode.c.objc; path = "____Tests.m"; sourceTree = "<group>"; };
		575A4E68218AFD71004952DD /* Info.plist */ = {isa = PBXFileReference; lastKnownFileType = text.plist.xml; path = Info.plist; sourceTree = "<group>"; };
		575A4E6D218AFD72004952DD /* 方法交换UITests.xctest */ = {isa = PBXFileReference; explicitFileType = wrapper.cfbundle; includeInIndex = 0; path = "方法交换UITests.xctest"; sourceTree = BUILT_PRODUCTS_DIR; };
		575A4E71218AFD72004952DD /* ____UITests.m */ = {isa = PBXFileReference; lastKnownFileType = sourcecode.c.objc; path = "____UITests.m"; sourceTree = "<group>"; };
		575A4E73218AFD72004952DD /* Info.plist */ = {isa = PBXFileReference; lastKnownFileType = text.plist.xml; path = Info.plist; sourceTree = "<group>"; };
		575A4E7F218AFF67004952DD /* UITableView+DefaultDisplay.h */ = {isa = PBXFileReference; lastKnownFileType = sourcecode.c.h; path = "UITableView+DefaultDisplay.h"; sourceTree = "<group>"; };
		575A4E80218AFF67004952DD /* UITableView+DefaultDisplay.m */ = {isa = PBXFileReference; lastKnownFileType = sourcecode.c.objc; path = "UITableView+DefaultDisplay.m"; sourceTree = "<group>"; };
/* End PBXFileReference section */

/* Begin PBXFrameworksBuildPhase section */
		575A4E47218AFD6F004952DD /* Frameworks */ = {
			isa = PBXFrameworksBuildPhase;
			buildActionMask = 2147483647;
			files = (
			);
			runOnlyForDeploymentPostprocessing = 0;
		};
		575A4E5F218AFD71004952DD /* Frameworks */ = {
			isa = PBXFrameworksBuildPhase;
			buildActionMask = 2147483647;
			files = (
			);
			runOnlyForDeploymentPostprocessing = 0;
		};
		575A4E6A218AFD72004952DD /* Frameworks */ = {
			isa = PBXFrameworksBuildPhase;
			buildActionMask = 2147483647;
			files = (
			);
			runOnlyForDeploymentPostprocessing = 0;
		};
/* End PBXFrameworksBuildPhase section */

/* Begin PBXGroup section */
		575A4E41218AFD6F004952DD = {
			isa = PBXGroup;
			children = (
				575A4E4C218AFD6F004952DD /* 方法交换 */,
				575A4E65218AFD71004952DD /* 方法交换Tests */,
				575A4E70218AFD72004952DD /* 方法交换UITests */,
				575A4E4B218AFD6F004952DD /* Products */,
			);
			sourceTree = "<group>";
		};
		575A4E4B218AFD6F004952DD /* Products */ = {
			isa = PBXGroup;
			children = (
				575A4E4A218AFD6F004952DD /* 方法交换.app */,
				575A4E62218AFD71004952DD /* 方法交换Tests.xctest */,
				575A4E6D218AFD72004952DD /* 方法交换UITests.xctest */,
			);
			name = Products;
			sourceTree = "<group>";
		};
		575A4E4C218AFD6F004952DD /* 方法交换 */ = {
			isa = PBXGroup;
			children = (
				575A4E4D218AFD6F004952DD /* AppDelegate.h */,
				575A4E4E218AFD6F004952DD /* AppDelegate.m */,
				575A4E50218AFD6F004952DD /* ViewController.h */,
				575A4E51218AFD6F004952DD /* ViewController.m */,
				575A4E7F218AFF67004952DD /* UITableView+DefaultDisplay.h */,
				575A4E80218AFF67004952DD /* UITableView+DefaultDisplay.m */,
				575A4E53218AFD6F004952DD /* Main.storyboard */,
				575A4E56218AFD71004952DD /* Assets.xcassets */,
				575A4E58218AFD71004952DD /* LaunchScreen.storyboard */,
				575A4E5B218AFD71004952DD /* Info.plist */,
				575A4E5C218AFD71004952DD /* main.m */,
			);
			path = "方法交换";
			sourceTree = "<group>";
		};
		575A4E65218AFD71004952DD /* 方法交换Tests */ = {
			isa = PBXGroup;
			children = (
				575A4E66218AFD71004952DD /* ____Tests.m */,
				575A4E68218AFD71004952DD /* Info.plist */,
			);
			path = "方法交换Tests";
			sourceTree = "<group>";
		};
		575A4E70218AFD72004952DD /* 方法交换UITests */ = {
			isa = PBXGroup;
			children = (
				575A4E71218AFD72004952DD /* ____UITests.m */,
				575A4E73218AFD72004952DD /* Info.plist */,
			);
			path = "方法交换UITests";
			sourceTree = "<group>";
		};
/* End PBXGroup section */

/* Begin PBXNativeTarget section */
		575A4E49218AFD6F004952DD /* 方法交换 */ = {
			isa = PBXNativeTarget;
			buildConfigurationList = 575A4E76218AFD72004952DD /* Build configuration list for PBXNativeTarget "方法交换" */;
			buildPhases = (
				575A4E46218AFD6F004952DD /* Sources */,
				575A4E47218AFD6F004952DD /* Frameworks */,
				575A4E48218AFD6F004952DD /* Resources */,
			);
			buildRules = (
			);
			dependencies = (
			);
			name = "方法交换";
			productName = "方法交换";
			productReference = 575A4E4A218AFD6F004952DD /* 方法交换.app */;
			productType = "com.apple.product-type.application";
		};
		575A4E61218AFD71004952DD /* 方法交换Tests */ = {
			isa = PBXNativeTarget;
			buildConfigurationList = 575A4E79218AFD72004952DD /* Build configuration list for PBXNativeTarget "方法交换Tests" */;
			buildPhases = (
				575A4E5E218AFD71004952DD /* Sources */,
				575A4E5F218AFD71004952DD /* Frameworks */,
				575A4E60218AFD71004952DD /* Resources */,
			);
			buildRules = (
			);
			dependencies = (
				575A4E64218AFD71004952DD /* PBXTargetDependency */,
			);
			name = "方法交换Tests";
			productName = "方法交换Tests";
			productReference = 575A4E62218AFD71004952DD /* 方法交换Tests.xctest */;
			productType = "com.apple.product-type.bundle.unit-test";
		};
		575A4E6C218AFD72004952DD /* 方法交换UITests */ = {
			isa = PBXNativeTarget;
			buildConfigurationList = 575A4E7C218AFD72004952DD /* Build configuration list for PBXNativeTarget "方法交换UITests" */;
			buildPhases = (
				575A4E69218AFD72004952DD /* Sources */,
				575A4E6A218AFD72004952DD /* Frameworks */,
				575A4E6B218AFD72004952DD /* Resources */,
			);
			buildRules = (
			);
			dependencies = (
				575A4E6F218AFD72004952DD /* PBXTargetDependency */,
			);
			name = "方法交换UITests";
			productName = "方法交换UITests";
			productReference = 575A4E6D218AFD72004952DD /* 方法交换UITests.xctest */;
			productType = "com.apple.product-type.bundle.ui-testing";
		};
/* End PBXNativeTarget section */

/* Begin PBXProject section */
		575A4E42218AFD6F004952DD /* Project object */ = {
			isa = PBXProject;
			attributes = {
				LastUpgradeCheck = 1000;
				ORGANIZATIONNAME = "开拍网ios研发";
				TargetAttributes = {
					575A4E49218AFD6F004952DD = {
						CreatedOnToolsVersion = 10.0;
					};
					575A4E61218AFD71004952DD = {
						CreatedOnToolsVersion = 10.0;
						TestTargetID = 575A4E49218AFD6F004952DD;
					};
					575A4E6C218AFD72004952DD = {
						CreatedOnToolsVersion = 10.0;
						TestTargetID = 575A4E49218AFD6F004952DD;
					};
				};
			};
			buildConfigurationList = 575A4E45218AFD6F004952DD /* Build configuration list for PBXProject "方法交换" */;
			compatibilityVersion = "Xcode 9.3";
			developmentRegion = en;
			hasScannedForEncodings = 0;
			knownRegions = (
				en,
				Base,
			);
			mainGroup = 575A4E41218AFD6F004952DD;
			productRefGroup = 575A4E4B218AFD6F004952DD /* Products */;
			projectDirPath = "";
			projectRoot = "";
			targets = (
				575A4E49218AFD6F004952DD /* 方法交换 */,
				575A4E61218AFD71004952DD /* 方法交换Tests */,
				575A4E6C218AFD72004952DD /* 方法交换UITests */,
			);
		};
/* End PBXProject section */

/* Begin PBXResourcesBuildPhase section */
		575A4E48218AFD6F004952DD /* Resources */ = {
			isa = PBXResourcesBuildPhase;
			buildActionMask = 2147483647;
			files = (
				575A4E5A218AFD71004952DD /* LaunchScreen.storyboard in Resources */,
				575A4E57218AFD71004952DD /* Assets.xcassets in Resources */,
				575A4E55218AFD6F004952DD /* Main.storyboard in Resources */,
			);
			runOnlyForDeploymentPostprocessing = 0;
		};
		575A4E60218AFD71004952DD /* Resources */ = {
			isa = PBXResourcesBuildPhase;
			buildActionMask = 2147483647;
			files = (
			);
			runOnlyForDeploymentPostprocessing = 0;
		};
		575A4E6B218AFD72004952DD /* Resources */ = {
			isa = PBXResourcesBuildPhase;
			buildActionMask = 2147483647;
			files = (
			);
			runOnlyForDeploymentPostprocessing = 0;
		};
/* End PBXResourcesBuildPhase section */

/* Begin PBXSourcesBuildPhase section */
		575A4E46218AFD6F004952DD /* Sources */ = {
			isa = PBXSourcesBuildPhase;
			buildActionMask = 2147483647;
			files = (
				575A4E52218AFD6F004952DD /* ViewController.m in Sources */,
				575A4E5D218AFD71004952DD /* main.m in Sources */,
				575A4E81218AFF67004952DD /* UITableView+DefaultDisplay.m in Sources */,
				575A4E4F218AFD6F004952DD /* AppDelegate.m in Sources */,
			);
			runOnlyForDeploymentPostprocessing = 0;
		};
		575A4E5E218AFD71004952DD /* Sources */ = {
			isa = PBXSourcesBuildPhase;
			buildActionMask = 2147483647;
			files = (
				575A4E67218AFD71004952DD /* ____Tests.m in Sources */,
			);
			runOnlyForDeploymentPostprocessing = 0;
		};
		575A4E69218AFD72004952DD /* Sources */ = {
			isa = PBXSourcesBuildPhase;
			buildActionMask = 2147483647;
			files = (
				575A4E72218AFD72004952DD /* ____UITests.m in Sources */,
			);
			runOnlyForDeploymentPostprocessing = 0;
		};
/* End PBXSourcesBuildPhase section */

/* Begin PBXTargetDependency section */
		575A4E64218AFD71004952DD /* PBXTargetDependency */ = {
			isa = PBXTargetDependency;
			target = 575A4E49218AFD6F004952DD /* 方法交换 */;
			targetProxy = 575A4E63218AFD71004952DD /* PBXContainerItemProxy */;
		};
		575A4E6F218AFD72004952DD /* PBXTargetDependency */ = {
			isa = PBXTargetDependency;
			target = 575A4E49218AFD6F004952DD /* 方法交换 */;
			targetProxy = 575A4E6E218AFD72004952DD /* PBXContainerItemProxy */;
		};
/* End PBXTargetDependency section */

/* Begin PBXVariantGroup section */
		575A4E53218AFD6F004952DD /* Main.storyboard */ = {
			isa = PBXVariantGroup;
			children = (
				575A4E54218AFD6F004952DD /* Base */,
			);
			name = Main.storyboard;
			sourceTree = "<group>";
		};
		575A4E58218AFD71004952DD /* LaunchScreen.storyboard */ = {
			isa = PBXVariantGroup;
			children = (
				575A4E59218AFD71004952DD /* Base */,
			);
			name = LaunchScreen.storyboard;
			sourceTree = "<group>";
		};
/* End PBXVariantGroup section */

/* Begin XCBuildConfiguration section */
		575A4E74218AFD72004952DD /* Debug */ = {
			isa = XCBuildConfiguration;
			buildSettings = {
				ALWAYS_SEARCH_USER_PATHS = NO;
				CLANG_ANALYZER_NONNULL = YES;
				CLANG_ANALYZER_NUMBER_OBJECT_CONVERSION = YES_AGGRESSIVE;
				CLANG_CXX_LANGUAGE_STANDARD = "gnu++14";
				CLANG_CXX_LIBRARY = "libc++";
				CLANG_ENABLE_MODULES = YES;
				CLANG_ENABLE_OBJC_ARC = YES;
				CLANG_ENABLE_OBJC_WEAK = YES;
				CLANG_WARN_BLOCK_CAPTURE_AUTORELEASING = YES;
				CLANG_WARN_BOOL_CONVERSION = YES;
				CLANG_WARN_COMMA = YES;
				CLANG_WARN_CONSTANT_CONVERSION = YES;
				CLANG_WARN_DEPRECATED_OBJC_IMPLEMENTATIONS = YES;
				CLANG_WARN_DIRECT_OBJC_ISA_USAGE = YES_ERROR;
				CLANG_WARN_DOCUMENTATION_COMMENTS = YES;
				CLANG_WARN_EMPTY_BODY = YES;
				CLANG_WARN_ENUM_CONVERSION = YES;
				CLANG_WARN_INFINITE_RECURSION = YES;
				CLANG_WARN_INT_CONVERSION = YES;
				CLANG_WARN_NON_LITERAL_NULL_CONVERSION = YES;
				CLANG_WARN_OBJC_IMPLICIT_RETAIN_SELF = YES;
				CLANG_WARN_OBJC_LITERAL_CONVERSION = YES;
				CLANG_WARN_OBJC_ROOT_CLASS = YES_ERROR;
				CLANG_WARN_RANGE_LOOP_ANALYSIS = YES;
				CLANG_WARN_STRICT_PROTOTYPES = YES;
				CLANG_WARN_SUSPICIOUS_MOVE = YES;
				CLANG_WARN_UNGUARDED_AVAILABILITY = YES_AGGRESSIVE;
				CLANG_WARN_UNREACHABLE_CODE = YES;
				CLANG_WARN__DUPLICATE_METHOD_MATCH = YES;
				CODE_SIGN_IDENTITY = "iPhone Developer";
				COPY_PHASE_STRIP = NO;
				DEBUG_INFORMATION_FORMAT = dwarf;
				ENABLE_STRICT_OBJC_MSGSEND = YES;
				ENABLE_TESTABILITY = YES;
				GCC_C_LANGUAGE_STANDARD = gnu11;
				GCC_DYNAMIC_NO_PIC = NO;
				GCC_NO_COMMON_BLOCKS = YES;
				GCC_OPTIMIZATION_LEVEL = 0;
				GCC_PREPROCESSOR_DEFINITIONS = (
					"DEBUG=1",
					"$(inherited)",
				);
				GCC_WARN_64_TO_32_BIT_CONVERSION = YES;
				GCC_WARN_ABOUT_RETURN_TYPE = YES_ERROR;
				GCC_WARN_UNDECLARED_SELECTOR = YES;
				GCC_WARN_UNINITIALIZED_AUTOS = YES_AGGRESSIVE;
				GCC_WARN_UNUSED_FUNCTION = YES;
				GCC_WARN_UNUSED_VARIABLE = YES;
				IPHONEOS_DEPLOYMENT_TARGET = 12.0;
				MTL_ENABLE_DEBUG_INFO = INCLUDE_SOURCE;
				MTL_FAST_MATH = YES;
				ONLY_ACTIVE_ARCH = YES;
				SDKROOT = iphoneos;
			};
			name = Debug;
		};
		575A4E75218AFD72004952DD /* Release */ = {
			isa = XCBuildConfiguration;
			buildSettings = {
				ALWAYS_SEARCH_USER_PATHS = NO;
				CLANG_ANALYZER_NONNULL = YES;
				CLANG_ANALYZER_NUMBER_OBJECT_CONVERSION = YES_AGGRESSIVE;
				CLANG_CXX_LANGUAGE_STANDARD = "gnu++14";
				CLANG_CXX_LIBRARY = "libc++";
				CLANG_ENABLE_MODULES = YES;
				CLANG_ENABLE_OBJC_ARC = YES;
				CLANG_ENABLE_OBJC_WEAK = YES;
				CLANG_WARN_BLOCK_CAPTURE_AUTORELEASING = YES;
				CLANG_WARN_BOOL_CONVERSION = YES;
				CLANG_WARN_COMMA = YES;
				CLANG_WARN_CONSTANT_CONVERSION = YES;
				CLANG_WARN_DEPRECATED_OBJC_IMPLEMENTATIONS = YES;
				CLANG_WARN_DIRECT_OBJC_ISA_USAGE = YES_ERROR;
				CLANG_WARN_DOCUMENTATION_COMMENTS = YES;
				CLANG_WARN_EMPTY_BODY = YES;
				CLANG_WARN_ENUM_CONVERSION = YES;
				CLANG_WARN_INFINITE_RECURSION = YES;
				CLANG_WARN_INT_CONVERSION = YES;
				CLANG_WARN_NON_LITERAL_NULL_CONVERSION = YES;
				CLANG_WARN_OBJC_IMPLICIT_RETAIN_SELF = YES;
				CLANG_WARN_OBJC_LITERAL_CONVERSION = YES;
				CLANG_WARN_OBJC_ROOT_CLASS = YES_ERROR;
				CLANG_WARN_RANGE_LOOP_ANALYSIS = YES;
				CLANG_WARN_STRICT_PROTOTYPES = YES;
				CLANG_WARN_SUSPICIOUS_MOVE = YES;
				CLANG_WARN_UNGUARDED_AVAILABILITY = YES_AGGRESSIVE;
				CLANG_WARN_UNREACHABLE_CODE = YES;
				CLANG_WARN__DUPLICATE_METHOD_MATCH = YES;
				CODE_SIGN_IDENTITY = "iPhone Developer";
				COPY_PHASE_STRIP = NO;
				DEBUG_INFORMATION_FORMAT = "dwarf-with-dsym";
				ENABLE_NS_ASSERTIONS = NO;
				ENABLE_STRICT_OBJC_MSGSEND = YES;
				GCC_C_LANGUAGE_STANDARD = gnu11;
				GCC_NO_COMMON_BLOCKS = YES;
				GCC_WARN_64_TO_32_BIT_CONVERSION = YES;
				GCC_WARN_ABOUT_RETURN_TYPE = YES_ERROR;
				GCC_WARN_UNDECLARED_SELECTOR = YES;
				GCC_WARN_UNINITIALIZED_AUTOS = YES_AGGRESSIVE;
				GCC_WARN_UNUSED_FUNCTION = YES;
				GCC_WARN_UNUSED_VARIABLE = YES;
				IPHONEOS_DEPLOYMENT_TARGET = 12.0;
				MTL_ENABLE_DEBUG_INFO = NO;
				MTL_FAST_MATH = YES;
				SDKROOT = iphoneos;
				VALIDATE_PRODUCT = YES;
			};
			name = Release;
		};
		575A4E77218AFD72004952DD /* Debug */ = {
			isa = XCBuildConfiguration;
			buildSettings = {
				ASSETCATALOG_COMPILER_APPICON_NAME = AppIcon;
				CODE_SIGN_STYLE = Automatic;
				DEVELOPMENT_TEAM = PZTFC2WKTA;
				INFOPLIST_FILE = "方法交换/Info.plist";
				LD_RUNPATH_SEARCH_PATHS = (
					"$(inherited)",
					"@executable_path/Frameworks",
				);
				PRODUCT_BUNDLE_IDENTIFIER = "kaipaiwang.----";
				PRODUCT_NAME = "$(TARGET_NAME)";
				TARGETED_DEVICE_FAMILY = "1,2";
			};
			name = Debug;
		};
		575A4E78218AFD72004952DD /* Release */ = {
			isa = XCBuildConfiguration;
			buildSettings = {
				ASSETCATALOG_COMPILER_APPICON_NAME = AppIcon;
				CODE_SIGN_STYLE = Automatic;
				DEVELOPMENT_TEAM = PZTFC2WKTA;
				INFOPLIST_FILE = "方法交换/Info.plist";
				LD_RUNPATH_SEARCH_PATHS = (
					"$(inherited)",
					"@executable_path/Frameworks",
				);
				PRODUCT_BUNDLE_IDENTIFIER = "kaipaiwang.----";
				PRODUCT_NAME = "$(TARGET_NAME)";
				TARGETED_DEVICE_FAMILY = "1,2";
			};
			name = Release;
		};
		575A4E7A218AFD72004952DD /* Debug */ = {
			isa = XCBuildConfiguration;
			buildSettings = {
				BUNDLE_LOADER = "$(TEST_HOST)";
				CODE_SIGN_STYLE = Automatic;
				DEVELOPMENT_TEAM = PZTFC2WKTA;
				INFOPLIST_FILE = "方法交换Tests/Info.plist";
				LD_RUNPATH_SEARCH_PATHS = (
					"$(inherited)",
					"@executable_path/Frameworks",
					"@loader_path/Frameworks",
				);
				PRODUCT_BUNDLE_IDENTIFIER = "kaipaiwang.----Tests";
				PRODUCT_NAME = "$(TARGET_NAME)";
				TARGETED_DEVICE_FAMILY = "1,2";
				TEST_HOST = "$(BUILT_PRODUCTS_DIR)/方法交换.app/方法交换";
			};
			name = Debug;
		};
		575A4E7B218AFD72004952DD /* Release */ = {
			isa = XCBuildConfiguration;
			buildSettings = {
				BUNDLE_LOADER = "$(TEST_HOST)";
				CODE_SIGN_STYLE = Automatic;
				DEVELOPMENT_TEAM = PZTFC2WKTA;
				INFOPLIST_FILE = "方法交换Tests/Info.plist";
				LD_RUNPATH_SEARCH_PATHS = (
					"$(inherited)",
					"@executable_path/Frameworks",
					"@loader_path/Frameworks",
				);
				PRODUCT_BUNDLE_IDENTIFIER = "kaipaiwang.----Tests";
				PRODUCT_NAME = "$(TARGET_NAME)";
				TARGETED_DEVICE_FAMILY = "1,2";
				TEST_HOST = "$(BUILT_PRODUCTS_DIR)/方法交换.app/方法交换";
			};
			name = Release;
		};
		575A4E7D218AFD72004952DD /* Debug */ = {
			isa = XCBuildConfiguration;
			buildSettings = {
				CODE_SIGN_STYLE = Automatic;
				DEVELOPMENT_TEAM = PZTFC2WKTA;
				INFOPLIST_FILE = "方法交换UITests/Info.plist";
				LD_RUNPATH_SEARCH_PATHS = (
					"$(inherited)",
					"@executable_path/Frameworks",
					"@loader_path/Frameworks",
				);
				PRODUCT_BUNDLE_IDENTIFIER = "kaipaiwang.----UITests";
				PRODUCT_NAME = "$(TARGET_NAME)";
				TARGETED_DEVICE_FAMILY = "1,2";
				TEST_TARGET_NAME = "方法交换";
			};
			name = Debug;
		};
		575A4E7E218AFD72004952DD /* Release */ = {
			isa = XCBuildConfiguration;
			buildSettings = {
				CODE_SIGN_STYLE = Automatic;
				DEVELOPMENT_TEAM = PZTFC2WKTA;
				INFOPLIST_FILE = "方法交换UITests/Info.plist";
				LD_RUNPATH_SEARCH_PATHS = (
					"$(inherited)",
					"@executable_path/Frameworks",
					"@loader_path/Frameworks",
				);
				PRODUCT_BUNDLE_IDENTIFIER = "kaipaiwang.----UITests";
				PRODUCT_NAME = "$(TARGET_NAME)";
				TARGETED_DEVICE_FAMILY = "1,2";
				TEST_TARGET_NAME = "方法交换";
			};
			name = Release;
		};
/* End XCBuildConfiguration section */

/* Begin XCConfigurationList section */
		575A4E45218AFD6F004952DD /* Build configuration list for PBXProject "方法交换" */ = {
			isa = XCConfigurationList;
			buildConfigurations = (
				575A4E74218AFD72004952DD /* Debug */,
				575A4E75218AFD72004952DD /* Release */,
			);
			defaultConfigurationIsVisible = 0;
			defaultConfigurationName = Release;
		};
		575A4E76218AFD72004952DD /* Build configuration list for PBXNativeTarget "方法交换" */ = {
			isa = XCConfigurationList;
			buildConfigurations = (
				575A4E77218AFD72004952DD /* Debug */,
				575A4E78218AFD72004952DD /* Release */,
			);
			defaultConfigurationIsVisible = 0;
			defaultConfigurationName = Release;
		};
		575A4E79218AFD72004952DD /* Build configuration list for PBXNativeTarget "方法交换Tests" */ = {
			isa = XCConfigurationList;
			buildConfigurations = (
				575A4E7A218AFD72004952DD /* Debug */,
				575A4E7B218AFD72004952DD /* Release */,
			);
			defaultConfigurationIsVisible = 0;
			defaultConfigurationName = Release;
		};
		575A4E7C218AFD72004952DD /* Build configuration list for PBXNativeTarget "方法交换UITests" */ = {
			isa = XCConfigurationList;
			buildConfigurations = (
				575A4E7D218AFD72004952DD /* Debug */,
				575A4E7E218AFD72004952DD /* Release */,
			);
			defaultConfigurationIsVisible = 0;
			defaultConfigurationName = Release;
		};
/* End XCConfigurationList section */
	};
	rootObject = 575A4E42218AFD6F004952DD /* Project object */;
}
